
Microsoft Visual Studio Solution File, Format Version 12.00
# Visual Studio Version 16
VisualStudioVersion = 16.0.30907.101
MinimumVisualStudioVersion = 10.0.40219.1
Project("{9A19103F-16F7-4668-BE54-9A1E7A4F7556}") = "Business", "Business\Business.csproj", "{340C670C-E871-4A3A-9170-90DD3EF24C08}"
EndProject
Project("{9A19103F-16F7-4668-BE54-9A1E7A4F7556}") = "Entities", "Entities\Entities.csproj", "{7A9D32DF-949C-4A4D-8ED7-C1B795CE7447}"
EndProject
Project("{9A19103F-16F7-4668-BE54-9A1E7A4F7556}") = "DataAccess", "DataAccess\DataAccess.csproj", "{A7A27D58-4E4E-4004-85A4-5E30526C79B4}"
EndProject
Project("{9A19103F-16F7-4668-BE54-9A1E7A4F7556}") = "ConsoleUI", "ConsoleUI\ConsoleUI.csproj", "{F949AE18-8293-449C-BB59-AD7DA173C3C8}"
EndProject
Project("{9A19103F-16F7-4668-BE54-9A1E7A4F7556}") = "Core", "Core\Core.csproj", "{AA4D3A78-AF80-4D16-B47E-571FBA7F3459}"
EndProject
Project("{FAE04EC0-301F-11D3-BF4B-00C04F79EFBC}") = "WebAPI", "WebAPI\WebAPI.csproj", "{68A1CE5A-ED45-4A36-BE70-D60736E78EEB}"
EndProject
Global
	GlobalSection(SolutionConfigurationPlatforms) = preSolution
		Debug|Any CPU = Debug|Any CPU
		Release|Any CPU = Release|Any CPU
	EndGlobalSection
	GlobalSection(ProjectConfigurationPlatforms) = postSolution
		{340C670C-E871-4A3A-9170-90DD3EF24C08}.Debug|Any CPU.ActiveCfg = Debug|Any CPU
		{340C670C-E871-4A3A-9170-90DD3EF24C08}.Debug|Any CPU.Build.0 = Debug|Any CPU
		{340C670C-E871-4A3A-9170-90DD3EF24C08}.Release|Any CPU.ActiveCfg = Release|Any CPU
		{340C670C-E871-4A3A-9170-90DD3EF24C08}.Release|Any CPU.Build.0 = Release|Any CPU
		{7A9D32DF-949C-4A4D-8ED7-C1B795CE7447}.Debug|Any CPU.ActiveCfg = Debug|Any CPU
		{7A9D32DF-949C-4A4D-8ED7-C1B795CE7447}.Debug|Any CPU.Build.0 = Debug|Any CPU
		{7A9D32DF-949C-4A4D-8ED7-C1B795CE7447}.Release|Any CPU.ActiveCfg = Release|Any CPU
		{7A9D32DF-949C-4A4D-8ED7-C1B795CE7447}.Release|Any CPU.Build.0 = Release|Any CPU
		{A7A27D58-4E4E-4004-85A4-5E30526C79B4}.Debug|Any CPU.ActiveCfg = Debug|Any CPU
		{A7A27D58-4E4E-4004-85A4-5E30526C79B4}.Debug|Any CPU.Build.0 = Debug|Any CPU
		{A7A27D58-4E4E-4004-85A4-5E30526C79B4}.Release|Any CPU.ActiveCfg = Release|Any CPU
		{A7A27D58-4E4E-4004-85A4-5E30526C79B4}.Release|Any CPU.Build.0 = Release|Any CPU
		{F949AE18-8293-449C-BB59-AD7DA173C3C8}.Debug|Any CPU.ActiveCfg = Debug|Any CPU
		{F949AE18-8293-449C-BB59-AD7DA173C3C8}.Debug|Any CPU.Build.0 = Debug|Any CPU
		{F949AE18-8293-449C-BB59-AD7DA173C3C8}.Release|Any CPU.ActiveCfg = Release|Any CPU
		{F949AE18-8293-449C-BB59-AD7DA173C3C8}.Release|Any CPU.Build.0 = Release|Any CPU
		{AA4D3A78-AF80-4D16-B47E-571FBA7F3459}.Debug|Any CPU.ActiveCfg = Debug|Any CPU
		{AA4D3A78-AF80-4D16-B47E-571FBA7F3459}.Debug|Any CPU.Build.0 = Debug|Any CPU
		{AA4D3A78-AF80-4D16-B47E-571FBA7F3459}.Release|Any CPU.ActiveCfg = Release|Any CPU
		{AA4D3A78-AF80-4D16-B47E-571FBA7F3459}.Release|Any CPU.Build.0 = Release|Any CPU
		{68A1CE5A-ED45-4A36-BE70-D60736E78EEB}.Debug|Any CPU.ActiveCfg = Debug|Any CPU
		{68A1CE5A-ED45-4A36-BE70-D60736E78EEB}.Debug|Any CPU.Build.0 = Debug|Any CPU
		{68A1CE5A-ED45-4A36-BE70-D60736E78EEB}.Release|Any CPU.ActiveCfg = Release|Any CPU
		{68A1CE5A-ED45-4A36-BE70-D60736E78EEB}.Release|Any CPU.Build.0 = Release|Any CPU
	EndGlobalSection
	GlobalSection(SolutionProperties) = preSolution
		HideSolutionNode = FALSE
	EndGlobalSection
	GlobalSection(ExtensibilityGlobals) = postSolution
		SolutionGuid = {658B4BE5-0BA6-407C-81F3-920368864B09}
	EndGlobalSection
EndGlobal
